
Microsoft Visual Studio Solution File, Format Version 12.00
# Visual Studio 15
VisualStudioVersion = 15.0.28307.271
MinimumVisualStudioVersion = 10.0.40219.1
Project("{8BC9CEB8-8B4A-11D0-8D11-00A0C91BC942}") = "Project1", "Project1\Project1.vcxproj", "{ED646D3D-B9C5-47F2-B370-5F24DF51F534}"
EndProject
Global
	GlobalSection(SolutionConfigurationPlatforms) = preSolution
		Debug|x64 = Debug|x64
		Debug|x86 = Debug|x86
		Release|x64 = Release|x64
		Release|x86 = Release|x86
	EndGlobalSection
	GlobalSection(ProjectConfigurationPlatforms) = postSolution
		{ED646D3D-B9C5-47F2-B370-5F24DF51F534}.Debug|x64.ActiveCfg = Debug|x64
		{ED646D3D-B9C5-47F2-B370-5F24DF51F534}.Debug|x64.Build.0 = Debug|x64
		{ED646D3D-B9C5-47F2-B370-5F24DF51F534}.Debug|x86.ActiveCfg = Debug|Win32
		{ED646D3D-B9C5-47F2-B370-5F24DF51F534}.Debug|x86.Build.0 = Debug|Win32
		{ED646D3D-B9C5-47F2-B370-5F24DF51F534}.Release|x64.ActiveCfg = Release|x64
		{ED646D3D-B9C5-47F2-B370-5F24DF51F534}.Release|x64.Build.0 = Release|x64
		{ED646D3D-B9C5-47F2-B370-5F24DF51F534}.Release|x86.ActiveCfg = Release|Win32
		{ED646D3D-B9C5-47F2-B370-5F24DF51F534}.Release|x86.Build.0 = Release|Win32
	EndGlobalSection
	GlobalSection(SolutionProperties) = preSolution
		HideSolutionNode = FALSE
	EndGlobalSection
	GlobalSection(ExtensibilityGlobals) = postSolution
		SolutionGuid = {DDBE56AC-4915-47B8-BA81-B7BE942B8F79}
	EndGlobalSection
EndGlobal
